
Microsoft Visual Studio Solution File, Format Version 12.00
# Visual Studio Version 17
VisualStudioVersion = 17.8.34316.72
MinimumVisualStudioVersion = 10.0.40219.1
Project("{9A19103F-16F7-4668-BE54-9A1E7A4F7556}") = "StudentGrading", "StudentGrading\StudentGrading.csproj", "{5DB82F29-B54F-4721-B6DB-82499E4A9ABA}"
EndProject
Project("{FAE04EC0-301F-11D3-BF4B-00C04F79EFBC}") = "LinkedTest", "LinkedTest\LinkedTest.csproj", "{F1714706-8EE7-4F6D-808D-BB322D511F97}"
EndProject
Project("{9A19103F-16F7-4668-BE54-9A1E7A4F7556}") = "Challenge_Project-1", "Challenge_Project-1\Challenge_Project-1.csproj", "{8822DAE0-BA90-48F9-948A-EFB1496E8DA2}"
EndProject
Project("{FAE04EC0-301F-11D3-BF4B-00C04F79EFBC}") = "ClassLibrary1", "ClassLibrary1\ClassLibrary1.csproj", "{FB096EEE-067A-4DB1-9950-281A7E7C3604}"
EndProject
Project("{FAE04EC0-301F-11D3-BF4B-00C04F79EFBC}") = "ClassLibrary2", "ClassLibrary2\ClassLibrary2.csproj", "{0144A393-E400-4AB4-B653-51B1BF5245F2}"
EndProject
Project("{FAE04EC0-301F-11D3-BF4B-00C04F79EFBC}") = "ConsoleApp2", "ConsoleApp2\ConsoleApp2.csproj", "{CBE46B71-04C9-49E4-BDD6-88FB9B77F22C}"
EndProject
Global
	GlobalSection(SolutionConfigurationPlatforms) = preSolution
		Debug|Any CPU = Debug|Any CPU
		Release|Any CPU = Release|Any CPU
	EndGlobalSection
	GlobalSection(ProjectConfigurationPlatforms) = postSolution
		{5DB82F29-B54F-4721-B6DB-82499E4A9ABA}.Debug|Any CPU.ActiveCfg = Debug|Any CPU
		{5DB82F29-B54F-4721-B6DB-82499E4A9ABA}.Debug|Any CPU.Build.0 = Debug|Any CPU
		{5DB82F29-B54F-4721-B6DB-82499E4A9ABA}.Release|Any CPU.ActiveCfg = Release|Any CPU
		{5DB82F29-B54F-4721-B6DB-82499E4A9ABA}.Release|Any CPU.Build.0 = Release|Any CPU
		{F1714706-8EE7-4F6D-808D-BB322D511F97}.Debug|Any CPU.ActiveCfg = Debug|Any CPU
		{F1714706-8EE7-4F6D-808D-BB322D511F97}.Debug|Any CPU.Build.0 = Debug|Any CPU
		{F1714706-8EE7-4F6D-808D-BB322D511F97}.Release|Any CPU.ActiveCfg = Release|Any CPU
		{F1714706-8EE7-4F6D-808D-BB322D511F97}.Release|Any CPU.Build.0 = Release|Any CPU
		{8822DAE0-BA90-48F9-948A-EFB1496E8DA2}.Debug|Any CPU.ActiveCfg = Debug|Any CPU
		{8822DAE0-BA90-48F9-948A-EFB1496E8DA2}.Debug|Any CPU.Build.0 = Debug|Any CPU
		{8822DAE0-BA90-48F9-948A-EFB1496E8DA2}.Release|Any CPU.ActiveCfg = Release|Any CPU
		{8822DAE0-BA90-48F9-948A-EFB1496E8DA2}.Release|Any CPU.Build.0 = Release|Any CPU
		{FB096EEE-067A-4DB1-9950-281A7E7C3604}.Debug|Any CPU.ActiveCfg = Debug|Any CPU
		{FB096EEE-067A-4DB1-9950-281A7E7C3604}.Debug|Any CPU.Build.0 = Debug|Any CPU
		{FB096EEE-067A-4DB1-9950-281A7E7C3604}.Release|Any CPU.ActiveCfg = Release|Any CPU
		{FB096EEE-067A-4DB1-9950-281A7E7C3604}.Release|Any CPU.Build.0 = Release|Any CPU
		{0144A393-E400-4AB4-B653-51B1BF5245F2}.Debug|Any CPU.ActiveCfg = Debug|Any CPU
		{0144A393-E400-4AB4-B653-51B1BF5245F2}.Debug|Any CPU.Build.0 = Debug|Any CPU
		{0144A393-E400-4AB4-B653-51B1BF5245F2}.Release|Any CPU.ActiveCfg = Release|Any CPU
		{0144A393-E400-4AB4-B653-51B1BF5245F2}.Release|Any CPU.Build.0 = Release|Any CPU
		{CBE46B71-04C9-49E4-BDD6-88FB9B77F22C}.Debug|Any CPU.ActiveCfg = Debug|Any CPU
		{CBE46B71-04C9-49E4-BDD6-88FB9B77F22C}.Debug|Any CPU.Build.0 = Debug|Any CPU
		{CBE46B71-04C9-49E4-BDD6-88FB9B77F22C}.Release|Any CPU.ActiveCfg = Release|Any CPU
		{CBE46B71-04C9-49E4-BDD6-88FB9B77F22C}.Release|Any CPU.Build.0 = Release|Any CPU
	EndGlobalSection
	GlobalSection(SolutionProperties) = preSolution
		HideSolutionNode = FALSE
	EndGlobalSection
	GlobalSection(ExtensibilityGlobals) = postSolution
		SolutionGuid = {3BE387A7-4134-4C24-9598-29C4D198B0CE}
	EndGlobalSection
EndGlobal
